PODS:
  - AEHybridEngine (0.0.1)

DEPENDENCIES:
  - AEHybridEngine (from `../../../`)

EXTERNAL SOURCES:
  AEHybridEngine:
    :path: "../../../"

SPEC CHECKSUMS:
  AEHybridEngine: 2d2ce0266325a1bebaca43a535776aea70c21ed6

PODFILE CHECKSUM: c00fb8da255ed957500d0fd2845ad08c80be57dd

COCOAPODS: 1.2.1
